github.com/chzyer/logex v1.1.10/go.mod h1:+Ywpsq7O8HXn0nuIou7OrIPyXbp3wmkHB+jjWRnGsAI=
github.com/chzyer/readline v0.0.0-20180603132655-2972be24d48e/go.mod h1:nSuG5e5PlCu98SY8svDHJxuZscDgtXS6KTTbou5AhLI=
github.com/chzyer/test v0.0.0-20180213035817-a1ea475d72b1/go.mod h1:Q3SI9o4m/ZMnBNeIyt5eFwwo7qiLfzFZmjNmxjkiQlU=
github.com/zyedidia/generic v1.2.0 h1:FqmwImOpNLlru0UVbamNk5omCHWmXcs+om4+Dh6KLC8=
github.com/zyedidia/generic v1.2.0/go.mod h1:ly2RBz4mnz1yeuVbQA/VFwGjK3mnHGRj1JuoG336Bis=
github.com/zyedidia/gopher-lua v0.0.0-20220811182220-44d3c0155041/go.mod h1:VNzP8GqEgw9ZAdRh7xZPK9DBr39YGjVNhVBMVRQvZbM=
github.com/zyedidia/gopher-lua v0.0.0-20220824000833-910ae8da2c12 h1:vECF2I8aAWr/UQvH8W6V4hYpTA+TdgbT7TMASq/WDLU=
github.com/zyedidia/gopher-lua v0.0.0-20220824000833-910ae8da2c12/go.mod h1:VNzP8GqEgw9ZAdRh7xZPK9DBr39YGjVNhVBMVRQvZbM=
github.com/zyedidia/gopher-luar v0.0.0-20220811182431-9d2fc6a3867f h1:dbt1mMcOXZHpL/mmxN6WsX9MyRJvdkd2wbZvqLuke5U=
github.com/zyedidia/gopher-luar v0.0.0-20220811182431-9d2fc6a3867f/go.mod h1:Ug3oboaXLuSfSd/FXaBnAnajEqgNEC4mIvFhqSEKPwI=
golang.org/x/sys v0.0.0-20190204203706-41f3e6584952/go.mod h1:STP8DvDyc/dI5b8T5hshtkjS+E42TnysNCUPdjciGhY=
