github.com/segmentio/fasthash v1.0.3 h1:EI9+KE1EwvMLBWwjpRDc+fEM+prwxDYbslddQGtrmhM=
github.com/segmentio/fasthash v1.0.3/go.mod h1:waKX8l2N8yckOgmSsXJi7x1ZfdKZ4x7KRMzBtS3oedY=
github.com/zyedidia/gotcl v0.0.0-20220106002048-904af91335d3 h1:pBv3wErI3GXwxKBng1Atq5jjyha7Uy3/HG8hnwb0Q7g=
github.com/zyedidia/gotcl v0.0.0-20220106002048-904af91335d3/go.mod h1:4Hhqh6e8X8FRGVQwM0eb2YZVcJ7W4zgTOCOQmpFGPKM=
